
Microsoft Visual Studio Solution File, Format Version 12.00
# Visual Studio Version 16
VisualStudioVersion = 16.0.31402.337
MinimumVisualStudioVersion = 10.0.40219.1
Project("{FAE04EC0-301F-11D3-BF4B-00C04F79EFBC}") = "Memory PRJCT", "Memory PRJCT\Memory PRJCT.csproj", "{001CB5F9-2DD1-4B71-85EC-26BCFD700F96}"
EndProject
Global
	GlobalSection(SolutionConfigurationPlatforms) = preSolution
		Debug|Any CPU = Debug|Any CPU
		Release|Any CPU = Release|Any CPU
	EndGlobalSection
	GlobalSection(ProjectConfigurationPlatforms) = postSolution
		{001CB5F9-2DD1-4B71-85EC-26BCFD700F96}.Debug|Any CPU.ActiveCfg = Debug|Any CPU
		{001CB5F9-2DD1-4B71-85EC-26BCFD700F96}.Debug|Any CPU.Build.0 = Debug|Any CPU
		{001CB5F9-2DD1-4B71-85EC-26BCFD700F96}.Release|Any CPU.ActiveCfg = Release|Any CPU
		{001CB5F9-2DD1-4B71-85EC-26BCFD700F96}.Release|Any CPU.Build.0 = Release|Any CPU
	EndGlobalSection
	GlobalSection(SolutionProperties) = preSolution
		HideSolutionNode = FALSE
	EndGlobalSection
	GlobalSection(ExtensibilityGlobals) = postSolution
		SolutionGuid = {3B1855CF-594E-45C0-8D2C-25F710D7C7E4}
	EndGlobalSection
EndGlobal
